{
  "name": "wasmatrix",
  "version": "0.0.1",
  "lockfileVersion": 1,
  "requires": true,
  "dependencies": {
    "@types/estree": {
      "version": "0.0.38",
      "resolved": "https://registry.npmjs.org/@types/estree/-/estree-0.0.38.tgz",
      "integrity": "sha512-F/v7t1LwS4vnXuPooJQGBRKRGIoxWUTmA4VHfqjOccFsNDThD5bfUNpITive6s352O7o384wcpEaDV8rHCehDA==",
      "dev": true
    },
    "@types/node": {
      "version": "13.7.7",
      "resolved": "https://registry.npmjs.org/@types/node/-/node-13.7.7.tgz",
      "integrity": "sha512-Uo4chgKbnPNlxQwoFmYIwctkQVkMMmsAoGGU4JKwLuvBefF0pCq4FybNSnfkfRCpC7ZW7kttcC/TrRtAJsvGtg==",
      "dev": true
    },
    "rollup": {
      "version": "0.58.2",
      "resolved": "https://registry.npmjs.org/rollup/-/rollup-0.58.2.tgz",
      "integrity": "sha512-RZVvCWm9BHOYloaE6LLiE/ibpjv1CmI8F8k0B0Cp+q1eezo3cswszJH1DN0djgzSlo0hjuuCmyeI+1XOYLl4wg==",
      "dev": true,
      "requires": {
        "@types/estree": "0.0.38",
        "@types/node": "*"
      }
    },
    "wabt": {
      "version": "1.0.12",
      "resolved": "https://registry.npmjs.org/wabt/-/wabt-1.0.12.tgz",
      "integrity": "sha512-Pq6UNbElHXo/Gxr+amBsmY3CgsO3VxS540YsH5cN/WaGl87yrWGC61TSxz2n5L+V2qC0jb7QoVIBvz4WbVQUlA==",
      "dev": true
    }
  }
}
